
Microsoft Visual Studio Solution File, Format Version 11.00
# Visual Studio 2010
Project("{FAE04EC0-301F-11D3-BF4B-00C04F79EFBC}") = "Iava.Audio", "Iava.Audio\Iava.Audio.csproj", "{7B781211-504F-4752-AE5B-822A6829FC23}"
EndProject
Project("{FAE04EC0-301F-11D3-BF4B-00C04F79EFBC}") = "Iava.Gesture", "Iava.Gesture\Iava.Gesture.csproj", "{39C4649E-594B-41FC-B9BE-0000AA88F569}"
EndProject
Project("{FAE04EC0-301F-11D3-BF4B-00C04F79EFBC}") = "Iava.Ui", "Iava.Ui\Iava.Ui.csproj", "{E30DADBC-D79B-4CE1-AB21-3335CB5DF7E3}"
EndProject
Project("{FAE04EC0-301F-11D3-BF4B-00C04F79EFBC}") = "Iava.Input", "Iava.Camera\Iava.Input.csproj", "{5220C5FE-CE76-40FF-A2DD-00E4C2560C31}"
EndProject
Project("{2150E333-8FDC-42A3-9474-1A3956D46DE8}") = "Solution Items", "Solution Items", "{19764636-D7AB-41FB-81C7-9AA6012165EA}"
	ProjectSection(SolutionItems) = preProject
		IAVA.vsmdi = IAVA.vsmdi
		Local.testsettings = Local.testsettings
		TraceAndTestImpact.testsettings = TraceAndTestImpact.testsettings
	EndProjectSection
EndProject
Project("{FAE04EC0-301F-11D3-BF4B-00C04F79EFBC}") = "Iava.Test", "Iava.Test\Iava.Test.csproj", "{CF6A5E3A-A1EF-45EB-9CAF-CFC4C7B3093D}"
EndProject
Project("{FAE04EC0-301F-11D3-BF4B-00C04F79EFBC}") = "Iava.Core", "Iava.Core\Iava.Core.csproj", "{80DF01EC-0E97-4B4D-A36F-FED9659D748A}"
EndProject
Project("{2150E333-8FDC-42A3-9474-1A3956D46DE8}") = "Gestures", "Gestures", "{608C8B52-B69A-4CBB-8727-ECB7EC44BC6B}"
	ProjectSection(SolutionItems) = preProject
		Gestures\Swipe Left.iava = Gestures\Swipe Left.iava
		Gestures\Swipe Right.iava = Gestures\Swipe Right.iava
		Gestures\Sync.iava = Gestures\Sync.iava
	EndProjectSection
EndProject
Project("{54435603-DBB4-11D2-8724-00A0C9A8B90C}") = "Iava.Installer", "Iava.Installer\Iava.Installer.vdproj", "{D6E33939-B451-4E0A-B1B3-BD0F515655B2}"
EndProject
Project("{FAE04EC0-301F-11D3-BF4B-00C04F79EFBC}") = "GestureRecorder", "GestureRecorder\GestureRecorder.csproj", "{7B844FB8-A8A0-42F2-8F51-53E3BAA29054}"
EndProject
Global
	GlobalSection(SubversionScc) = preSolution
		Svn-Managed = True
		Manager = AnkhSVN - Subversion Support for Visual Studio
	EndGlobalSection
	GlobalSection(TestCaseManagementSettings) = postSolution
		CategoryFile = IAVA.vsmdi
	EndGlobalSection
	GlobalSection(SolutionConfigurationPlatforms) = preSolution
		Debug|Any CPU = Debug|Any CPU
		Debug|Mixed Platforms = Debug|Mixed Platforms
		Debug|x86 = Debug|x86
		Release|Any CPU = Release|Any CPU
		Release|Mixed Platforms = Release|Mixed Platforms
		Release|x86 = Release|x86
	EndGlobalSection
	GlobalSection(ProjectConfigurationPlatforms) = postSolution
		{7B781211-504F-4752-AE5B-822A6829FC23}.Debug|Any CPU.ActiveCfg = Debug|Any CPU
		{7B781211-504F-4752-AE5B-822A6829FC23}.Debug|Any CPU.Build.0 = Debug|Any CPU
		{7B781211-504F-4752-AE5B-822A6829FC23}.Debug|Mixed Platforms.ActiveCfg = Debug|Any CPU
		{7B781211-504F-4752-AE5B-822A6829FC23}.Debug|Mixed Platforms.Build.0 = Debug|Any CPU
		{7B781211-504F-4752-AE5B-822A6829FC23}.Debug|x86.ActiveCfg = Debug|Any CPU
		{7B781211-504F-4752-AE5B-822A6829FC23}.Debug|x86.Build.0 = Debug|Any CPU
		{7B781211-504F-4752-AE5B-822A6829FC23}.Release|Any CPU.ActiveCfg = Release|Any CPU
		{7B781211-504F-4752-AE5B-822A6829FC23}.Release|Any CPU.Build.0 = Release|Any CPU
		{7B781211-504F-4752-AE5B-822A6829FC23}.Release|Mixed Platforms.ActiveCfg = Release|Any CPU
		{7B781211-504F-4752-AE5B-822A6829FC23}.Release|Mixed Platforms.Build.0 = Release|Any CPU
		{7B781211-504F-4752-AE5B-822A6829FC23}.Release|x86.ActiveCfg = Release|Any CPU
		{7B781211-504F-4752-AE5B-822A6829FC23}.Release|x86.Build.0 = Release|Any CPU
		{39C4649E-594B-41FC-B9BE-0000AA88F569}.Debug|Any CPU.ActiveCfg = Debug|Any CPU
		{39C4649E-594B-41FC-B9BE-0000AA88F569}.Debug|Any CPU.Build.0 = Debug|Any CPU
		{39C4649E-594B-41FC-B9BE-0000AA88F569}.Debug|Mixed Platforms.ActiveCfg = Debug|Any CPU
		{39C4649E-594B-41FC-B9BE-0000AA88F569}.Debug|Mixed Platforms.Build.0 = Debug|Any CPU
		{39C4649E-594B-41FC-B9BE-0000AA88F569}.Debug|x86.ActiveCfg = Debug|Any CPU
		{39C4649E-594B-41FC-B9BE-0000AA88F569}.Debug|x86.Build.0 = Debug|Any CPU
		{39C4649E-594B-41FC-B9BE-0000AA88F569}.Release|Any CPU.ActiveCfg = Release|Any CPU
		{39C4649E-594B-41FC-B9BE-0000AA88F569}.Release|Any CPU.Build.0 = Release|Any CPU
		{39C4649E-594B-41FC-B9BE-0000AA88F569}.Release|Mixed Platforms.ActiveCfg = Release|Any CPU
		{39C4649E-594B-41FC-B9BE-0000AA88F569}.Release|Mixed Platforms.Build.0 = Release|Any CPU
		{39C4649E-594B-41FC-B9BE-0000AA88F569}.Release|x86.ActiveCfg = Release|Any CPU
		{39C4649E-594B-41FC-B9BE-0000AA88F569}.Release|x86.Build.0 = Release|Any CPU
		{E30DADBC-D79B-4CE1-AB21-3335CB5DF7E3}.Debug|Any CPU.ActiveCfg = Debug|x86
		{E30DADBC-D79B-4CE1-AB21-3335CB5DF7E3}.Debug|Any CPU.Build.0 = Debug|x86
		{E30DADBC-D79B-4CE1-AB21-3335CB5DF7E3}.Debug|Mixed Platforms.ActiveCfg = Debug|x86
		{E30DADBC-D79B-4CE1-AB21-3335CB5DF7E3}.Debug|Mixed Platforms.Build.0 = Debug|x86
		{E30DADBC-D79B-4CE1-AB21-3335CB5DF7E3}.Debug|x86.ActiveCfg = Debug|x86
		{E30DADBC-D79B-4CE1-AB21-3335CB5DF7E3}.Debug|x86.Build.0 = Debug|x86
		{E30DADBC-D79B-4CE1-AB21-3335CB5DF7E3}.Release|Any CPU.ActiveCfg = Release|x86
		{E30DADBC-D79B-4CE1-AB21-3335CB5DF7E3}.Release|Any CPU.Build.0 = Release|x86
		{E30DADBC-D79B-4CE1-AB21-3335CB5DF7E3}.Release|Mixed Platforms.ActiveCfg = Release|x86
		{E30DADBC-D79B-4CE1-AB21-3335CB5DF7E3}.Release|Mixed Platforms.Build.0 = Release|x86
		{E30DADBC-D79B-4CE1-AB21-3335CB5DF7E3}.Release|x86.ActiveCfg = Release|x86
		{E30DADBC-D79B-4CE1-AB21-3335CB5DF7E3}.Release|x86.Build.0 = Release|x86
		{5220C5FE-CE76-40FF-A2DD-00E4C2560C31}.Debug|Any CPU.ActiveCfg = Debug|Any CPU
		{5220C5FE-CE76-40FF-A2DD-00E4C2560C31}.Debug|Any CPU.Build.0 = Debug|Any CPU
		{5220C5FE-CE76-40FF-A2DD-00E4C2560C31}.Debug|Mixed Platforms.ActiveCfg = Debug|Any CPU
		{5220C5FE-CE76-40FF-A2DD-00E4C2560C31}.Debug|Mixed Platforms.Build.0 = Debug|Any CPU
		{5220C5FE-CE76-40FF-A2DD-00E4C2560C31}.Debug|x86.ActiveCfg = Debug|Any CPU
		{5220C5FE-CE76-40FF-A2DD-00E4C2560C31}.Debug|x86.Build.0 = Debug|Any CPU
		{5220C5FE-CE76-40FF-A2DD-00E4C2560C31}.Release|Any CPU.ActiveCfg = Release|Any CPU
		{5220C5FE-CE76-40FF-A2DD-00E4C2560C31}.Release|Any CPU.Build.0 = Release|Any CPU
		{5220C5FE-CE76-40FF-A2DD-00E4C2560C31}.Release|Mixed Platforms.ActiveCfg = Release|Any CPU
		{5220C5FE-CE76-40FF-A2DD-00E4C2560C31}.Release|Mixed Platforms.Build.0 = Release|Any CPU
		{5220C5FE-CE76-40FF-A2DD-00E4C2560C31}.Release|x86.ActiveCfg = Release|Any CPU
		{5220C5FE-CE76-40FF-A2DD-00E4C2560C31}.Release|x86.Build.0 = Release|Any CPU
		{CF6A5E3A-A1EF-45EB-9CAF-CFC4C7B3093D}.Debug|Any CPU.ActiveCfg = Debug|Any CPU
		{CF6A5E3A-A1EF-45EB-9CAF-CFC4C7B3093D}.Debug|Any CPU.Build.0 = Debug|Any CPU
		{CF6A5E3A-A1EF-45EB-9CAF-CFC4C7B3093D}.Debug|Mixed Platforms.ActiveCfg = Debug|Any CPU
		{CF6A5E3A-A1EF-45EB-9CAF-CFC4C7B3093D}.Debug|Mixed Platforms.Build.0 = Debug|Any CPU
		{CF6A5E3A-A1EF-45EB-9CAF-CFC4C7B3093D}.Debug|x86.ActiveCfg = Debug|Any CPU
		{CF6A5E3A-A1EF-45EB-9CAF-CFC4C7B3093D}.Debug|x86.Build.0 = Debug|Any CPU
		{CF6A5E3A-A1EF-45EB-9CAF-CFC4C7B3093D}.Release|Any CPU.ActiveCfg = Release|Any CPU
		{CF6A5E3A-A1EF-45EB-9CAF-CFC4C7B3093D}.Release|Any CPU.Build.0 = Release|Any CPU
		{CF6A5E3A-A1EF-45EB-9CAF-CFC4C7B3093D}.Release|Mixed Platforms.ActiveCfg = Release|Any CPU
		{CF6A5E3A-A1EF-45EB-9CAF-CFC4C7B3093D}.Release|Mixed Platforms.Build.0 = Release|Any CPU
		{CF6A5E3A-A1EF-45EB-9CAF-CFC4C7B3093D}.Release|x86.ActiveCfg = Release|Any CPU
		{CF6A5E3A-A1EF-45EB-9CAF-CFC4C7B3093D}.Release|x86.Build.0 = Release|Any CPU
		{80DF01EC-0E97-4B4D-A36F-FED9659D748A}.Debug|Any CPU.ActiveCfg = Debug|Any CPU
		{80DF01EC-0E97-4B4D-A36F-FED9659D748A}.Debug|Any CPU.Build.0 = Debug|Any CPU
		{80DF01EC-0E97-4B4D-A36F-FED9659D748A}.Debug|Mixed Platforms.ActiveCfg = Debug|Any CPU
		{80DF01EC-0E97-4B4D-A36F-FED9659D748A}.Debug|Mixed Platforms.Build.0 = Debug|Any CPU
		{80DF01EC-0E97-4B4D-A36F-FED9659D748A}.Debug|x86.ActiveCfg = Debug|Any CPU
		{80DF01EC-0E97-4B4D-A36F-FED9659D748A}.Debug|x86.Build.0 = Debug|Any CPU
		{80DF01EC-0E97-4B4D-A36F-FED9659D748A}.Release|Any CPU.ActiveCfg = Release|Any CPU
		{80DF01EC-0E97-4B4D-A36F-FED9659D748A}.Release|Any CPU.Build.0 = Release|Any CPU
		{80DF01EC-0E97-4B4D-A36F-FED9659D748A}.Release|Mixed Platforms.ActiveCfg = Release|Any CPU
		{80DF01EC-0E97-4B4D-A36F-FED9659D748A}.Release|Mixed Platforms.Build.0 = Release|Any CPU
		{80DF01EC-0E97-4B4D-A36F-FED9659D748A}.Release|x86.ActiveCfg = Release|Any CPU
		{80DF01EC-0E97-4B4D-A36F-FED9659D748A}.Release|x86.Build.0 = Release|Any CPU
		{D6E33939-B451-4E0A-B1B3-BD0F515655B2}.Debug|Any CPU.ActiveCfg = Debug
		{D6E33939-B451-4E0A-B1B3-BD0F515655B2}.Debug|Any CPU.Build.0 = Debug
		{D6E33939-B451-4E0A-B1B3-BD0F515655B2}.Debug|Mixed Platforms.ActiveCfg = Debug
		{D6E33939-B451-4E0A-B1B3-BD0F515655B2}.Debug|x86.ActiveCfg = Debug
		{D6E33939-B451-4E0A-B1B3-BD0F515655B2}.Release|Any CPU.ActiveCfg = Release
		{D6E33939-B451-4E0A-B1B3-BD0F515655B2}.Release|Any CPU.Build.0 = Release
		{D6E33939-B451-4E0A-B1B3-BD0F515655B2}.Release|Mixed Platforms.ActiveCfg = Release
		{D6E33939-B451-4E0A-B1B3-BD0F515655B2}.Release|x86.ActiveCfg = Release
		{7B844FB8-A8A0-42F2-8F51-53E3BAA29054}.Debug|Any CPU.ActiveCfg = Debug|x86
		{7B844FB8-A8A0-42F2-8F51-53E3BAA29054}.Debug|Any CPU.Build.0 = Debug|x86
		{7B844FB8-A8A0-42F2-8F51-53E3BAA29054}.Debug|Mixed Platforms.ActiveCfg = Debug|x86
		{7B844FB8-A8A0-42F2-8F51-53E3BAA29054}.Debug|Mixed Platforms.Build.0 = Debug|x86
		{7B844FB8-A8A0-42F2-8F51-53E3BAA29054}.Debug|x86.ActiveCfg = Debug|x86
		{7B844FB8-A8A0-42F2-8F51-53E3BAA29054}.Debug|x86.Build.0 = Debug|x86
		{7B844FB8-A8A0-42F2-8F51-53E3BAA29054}.Release|Any CPU.ActiveCfg = Release|x86
		{7B844FB8-A8A0-42F2-8F51-53E3BAA29054}.Release|Any CPU.Build.0 = Release|x86
		{7B844FB8-A8A0-42F2-8F51-53E3BAA29054}.Release|Mixed Platforms.ActiveCfg = Release|x86
		{7B844FB8-A8A0-42F2-8F51-53E3BAA29054}.Release|Mixed Platforms.Build.0 = Release|x86
		{7B844FB8-A8A0-42F2-8F51-53E3BAA29054}.Release|x86.ActiveCfg = Release|x86
		{7B844FB8-A8A0-42F2-8F51-53E3BAA29054}.Release|x86.Build.0 = Release|x86
	EndGlobalSection
	GlobalSection(SolutionProperties) = preSolution
		HideSolutionNode = FALSE
	EndGlobalSection
EndGlobal
