
Microsoft Visual Studio Solution File, Format Version 11.00
# Visual Studio 2010
Project("{FAE04EC0-301F-11D3-BF4B-00C04F79EFBC}") = "Iava.Audio", "Iava.Audio\Iava.Audio.csproj", "{7B781211-504F-4752-AE5B-822A6829FC23}"
EndProject
Project("{FAE04EC0-301F-11D3-BF4B-00C04F79EFBC}") = "Iava.Gesture", "Iava.Gesture\Iava.Gesture.csproj", "{39C4649E-594B-41FC-B9BE-0000AA88F569}"
EndProject
Project("{FAE04EC0-301F-11D3-BF4B-00C04F79EFBC}") = "Iava.Core", "IAVA\Iava.Core.csproj", "{80DF01EC-0E97-4B4D-A36F-FED9659D748A}"
EndProject
Project("{FAE04EC0-301F-11D3-BF4B-00C04F79EFBC}") = "Iava.Ui", "Iava.Ui\Iava.Ui.csproj", "{E30DADBC-D79B-4CE1-AB21-3335CB5DF7E3}"
EndProject
Project("{FAE04EC0-301F-11D3-BF4B-00C04F79EFBC}") = "Iava.Input", "Iava.Camera\Iava.Input.csproj", "{5220C5FE-CE76-40FF-A2DD-00E4C2560C31}"
EndProject
Global
	GlobalSection(SubversionScc) = preSolution
		Svn-Managed = True
		Manager = AnkhSVN - Subversion Support for Visual Studio
	EndGlobalSection
	GlobalSection(SolutionConfigurationPlatforms) = preSolution
		Debug|Any CPU = Debug|Any CPU
		Debug|Mixed Platforms = Debug|Mixed Platforms
		Debug|x86 = Debug|x86
		Release|Any CPU = Release|Any CPU
		Release|Mixed Platforms = Release|Mixed Platforms
		Release|x86 = Release|x86
	EndGlobalSection
	GlobalSection(ProjectConfigurationPlatforms) = postSolution
		{7B781211-504F-4752-AE5B-822A6829FC23}.Debug|Any CPU.ActiveCfg = Debug|Any CPU
		{7B781211-504F-4752-AE5B-822A6829FC23}.Debug|Any CPU.Build.0 = Debug|Any CPU
		{7B781211-504F-4752-AE5B-822A6829FC23}.Debug|Mixed Platforms.ActiveCfg = Debug|Any CPU
		{7B781211-504F-4752-AE5B-822A6829FC23}.Debug|Mixed Platforms.Build.0 = Debug|Any CPU
		{7B781211-504F-4752-AE5B-822A6829FC23}.Debug|x86.ActiveCfg = Debug|Any CPU
		{7B781211-504F-4752-AE5B-822A6829FC23}.Release|Any CPU.ActiveCfg = Release|Any CPU
		{7B781211-504F-4752-AE5B-822A6829FC23}.Release|Any CPU.Build.0 = Release|Any CPU
		{7B781211-504F-4752-AE5B-822A6829FC23}.Release|Mixed Platforms.ActiveCfg = Release|Any CPU
		{7B781211-504F-4752-AE5B-822A6829FC23}.Release|Mixed Platforms.Build.0 = Release|Any CPU
		{7B781211-504F-4752-AE5B-822A6829FC23}.Release|x86.ActiveCfg = Release|Any CPU
		{39C4649E-594B-41FC-B9BE-0000AA88F569}.Debug|Any CPU.ActiveCfg = Debug|Any CPU
		{39C4649E-594B-41FC-B9BE-0000AA88F569}.Debug|Any CPU.Build.0 = Debug|Any CPU
		{39C4649E-594B-41FC-B9BE-0000AA88F569}.Debug|Mixed Platforms.ActiveCfg = Debug|Any CPU
		{39C4649E-594B-41FC-B9BE-0000AA88F569}.Debug|Mixed Platforms.Build.0 = Debug|Any CPU
		{39C4649E-594B-41FC-B9BE-0000AA88F569}.Debug|x86.ActiveCfg = Debug|Any CPU
		{39C4649E-594B-41FC-B9BE-0000AA88F569}.Release|Any CPU.ActiveCfg = Release|Any CPU
		{39C4649E-594B-41FC-B9BE-0000AA88F569}.Release|Any CPU.Build.0 = Release|Any CPU
		{39C4649E-594B-41FC-B9BE-0000AA88F569}.Release|Mixed Platforms.ActiveCfg = Release|Any CPU
		{39C4649E-594B-41FC-B9BE-0000AA88F569}.Release|Mixed Platforms.Build.0 = Release|Any CPU
		{39C4649E-594B-41FC-B9BE-0000AA88F569}.Release|x86.ActiveCfg = Release|Any CPU
		{80DF01EC-0E97-4B4D-A36F-FED9659D748A}.Debug|Any CPU.ActiveCfg = Debug|Any CPU
		{80DF01EC-0E97-4B4D-A36F-FED9659D748A}.Debug|Any CPU.Build.0 = Debug|Any CPU
		{80DF01EC-0E97-4B4D-A36F-FED9659D748A}.Debug|Mixed Platforms.ActiveCfg = Debug|Any CPU
		{80DF01EC-0E97-4B4D-A36F-FED9659D748A}.Debug|Mixed Platforms.Build.0 = Debug|Any CPU
		{80DF01EC-0E97-4B4D-A36F-FED9659D748A}.Debug|x86.ActiveCfg = Debug|Any CPU
		{80DF01EC-0E97-4B4D-A36F-FED9659D748A}.Release|Any CPU.ActiveCfg = Release|Any CPU
		{80DF01EC-0E97-4B4D-A36F-FED9659D748A}.Release|Any CPU.Build.0 = Release|Any CPU
		{80DF01EC-0E97-4B4D-A36F-FED9659D748A}.Release|Mixed Platforms.ActiveCfg = Release|Any CPU
		{80DF01EC-0E97-4B4D-A36F-FED9659D748A}.Release|Mixed Platforms.Build.0 = Release|Any CPU
		{80DF01EC-0E97-4B4D-A36F-FED9659D748A}.Release|x86.ActiveCfg = Release|Any CPU
		{E30DADBC-D79B-4CE1-AB21-3335CB5DF7E3}.Debug|Any CPU.ActiveCfg = Debug|x86
		{E30DADBC-D79B-4CE1-AB21-3335CB5DF7E3}.Debug|Any CPU.Build.0 = Debug|x86
		{E30DADBC-D79B-4CE1-AB21-3335CB5DF7E3}.Debug|Mixed Platforms.ActiveCfg = Debug|x86
		{E30DADBC-D79B-4CE1-AB21-3335CB5DF7E3}.Debug|Mixed Platforms.Build.0 = Debug|x86
		{E30DADBC-D79B-4CE1-AB21-3335CB5DF7E3}.Debug|x86.ActiveCfg = Debug|x86
		{E30DADBC-D79B-4CE1-AB21-3335CB5DF7E3}.Debug|x86.Build.0 = Debug|x86
		{E30DADBC-D79B-4CE1-AB21-3335CB5DF7E3}.Release|Any CPU.ActiveCfg = Release|x86
		{E30DADBC-D79B-4CE1-AB21-3335CB5DF7E3}.Release|Mixed Platforms.ActiveCfg = Release|x86
		{E30DADBC-D79B-4CE1-AB21-3335CB5DF7E3}.Release|Mixed Platforms.Build.0 = Release|x86
		{E30DADBC-D79B-4CE1-AB21-3335CB5DF7E3}.Release|x86.ActiveCfg = Release|x86
		{E30DADBC-D79B-4CE1-AB21-3335CB5DF7E3}.Release|x86.Build.0 = Release|x86
		{5220C5FE-CE76-40FF-A2DD-00E4C2560C31}.Debug|Any CPU.ActiveCfg = Debug|Any CPU
		{5220C5FE-CE76-40FF-A2DD-00E4C2560C31}.Debug|Any CPU.Build.0 = Debug|Any CPU
		{5220C5FE-CE76-40FF-A2DD-00E4C2560C31}.Debug|Mixed Platforms.ActiveCfg = Debug|Any CPU
		{5220C5FE-CE76-40FF-A2DD-00E4C2560C31}.Debug|Mixed Platforms.Build.0 = Debug|Any CPU
		{5220C5FE-CE76-40FF-A2DD-00E4C2560C31}.Debug|x86.ActiveCfg = Debug|Any CPU
		{5220C5FE-CE76-40FF-A2DD-00E4C2560C31}.Release|Any CPU.ActiveCfg = Release|Any CPU
		{5220C5FE-CE76-40FF-A2DD-00E4C2560C31}.Release|Any CPU.Build.0 = Release|Any CPU
		{5220C5FE-CE76-40FF-A2DD-00E4C2560C31}.Release|Mixed Platforms.ActiveCfg = Release|Any CPU
		{5220C5FE-CE76-40FF-A2DD-00E4C2560C31}.Release|Mixed Platforms.Build.0 = Release|Any CPU
		{5220C5FE-CE76-40FF-A2DD-00E4C2560C31}.Release|x86.ActiveCfg = Release|Any CPU
	EndGlobalSection
	GlobalSection(SolutionProperties) = preSolution
		HideSolutionNode = FALSE
	EndGlobalSection
EndGlobal
